{
  "version": 4,
  "terraform_version": "1.9.8",
  "serial": 27,
  "lineage": "98e8494d-6f0c-f1f0-5632-030eb93e1b71",
  "outputs": {
    "traefik_config_path": {
      "value": "/Users/kaanuygur/Documents/evreka-case/case-1/terraform/modules/treafik/config.yaml",
      "type": "string"
    }
  },
  "resources": [
    {
      "mode": "managed",
      "type": "docker_network",
      "name": "main_network",
      "provider": "provider[\"registry.terraform.io/kreuzwerker/docker\"]",
      "instances": [
        {
          "schema_version": 1,
          "attributes": {
            "attachable": false,
            "check_duplicate": null,
            "driver": "bridge",
            "id": "dc9d818a0211972915c39755f960819407f64e61284ee467d5793a39db2ca661",
            "ingress": false,
            "internal": false,
            "ipam_config": [
              {
                "aux_address": {},
                "gateway": "172.19.0.1",
                "ip_range": "",
                "subnet": "172.19.0.0/16"
              }
            ],
            "ipam_driver": "default",
            "ipam_options": {},
            "ipv6": false,
            "labels": [],
            "name": "main_network",
            "options": {},
            "scope": "local"
          },
          "sensitive_attributes": [],
          "private": "eyJzY2hlbWFfdmVyc2lvbiI6IjEifQ=="
        }
      ]
    },
    {
      "module": "module.traefik",
      "mode": "managed",
      "type": "docker_container",
      "name": "traefik",
      "provider": "provider[\"registry.terraform.io/kreuzwerker/docker\"]",
      "instances": [
        {
          "schema_version": 2,
          "attributes": {
            "attach": false,
            "bridge": "",
            "capabilities": [],
            "cgroupns_mode": null,
            "command": [
              "--configFile=/traefik.yaml"
            ],
            "container_logs": null,
            "container_read_refresh_timeout_milliseconds": 15000,
            "cpu_set": "",
            "cpu_shares": 0,
            "destroy_grace_seconds": null,
            "devices": [],
            "dns": null,
            "dns_opts": null,
            "dns_search": null,
            "domainname": "",
            "entrypoint": [
              "/entrypoint.sh"
            ],
            "env": [],
            "exit_code": null,
            "gpus": null,
            "group_add": null,
            "healthcheck": null,
            "host": [],
            "hostname": "5467cc18ca79",
            "id": "5467cc18ca7963ff9fffe00025d1fcb736ef2737db33a2451988a2c90f0820f3",
            "image": "sha256:d12741b971f5c833919db2b680191dc23d5d96ef17e41a914e3c593a8c663ac4",
            "init": false,
            "ipc_mode": "private",
            "labels": [
              {
                "label": "traefik.http.middlewares.auth.basicauth.users",
                "value": "admin:$$apr1$$H6uskkkW$$IgXLP6ewTrSuBkTrqE8wj/"
              },
              {
                "label": "traefik.http.routers.traefik.entrypoints",
                "value": "websecure"
              },
              {
                "label": "traefik.http.routers.traefik.middlewares",
                "value": "auth"
              },
              {
                "label": "traefik.http.routers.traefik.rule",
                "value": "Host('traefik.localhost')"
              },
              {
                "label": "traefik.http.routers.traefik.service",
                "value": "api@internal"
              },
              {
                "label": "traefik.http.routers.traefik.tls.certresolver",
                "value": "myresolver"
              }
            ],
            "log_driver": "json-file",
            "log_opts": null,
            "logs": false,
            "max_retry_count": 0,
            "memory": 0,
            "memory_swap": 0,
            "mounts": [
              {
                "bind_options": [],
                "read_only": null,
                "source": "/Users/kaanuygur/Documents/evreka-case/case-1/terraform/modules/treafik/config.yaml",
                "target": "/traefik.yaml",
                "tmpfs_options": [],
                "type": "bind",
                "volume_options": []
              }
            ],
            "must_run": true,
            "name": "traefik-server",
            "network_data": [
              {
                "gateway": "172.19.0.1",
                "global_ipv6_address": "",
                "global_ipv6_prefix_length": 0,
                "ip_address": "172.19.0.2",
                "ip_prefix_length": 16,
                "ipv6_gateway": "",
                "mac_address": "02:42:ac:13:00:02",
                "network_name": "main_network"
              }
            ],
            "network_mode": "bridge",
            "networks_advanced": [
              {
                "aliases": [],
                "ipv4_address": "",
                "ipv6_address": "",
                "name": "main_network"
              }
            ],
            "pid_mode": "",
            "ports": [
              {
                "external": 80,
                "internal": 80,
                "ip": "0.0.0.0",
                "protocol": "tcp"
              },
              {
                "external": 8080,
                "internal": 8080,
                "ip": "0.0.0.0",
                "protocol": "tcp"
              }
            ],
            "privileged": false,
            "publish_all_ports": false,
            "read_only": false,
            "remove_volumes": true,
            "restart": "no",
            "rm": false,
            "runtime": "runc",
            "security_opts": [],
            "shm_size": 64,
            "start": true,
            "stdin_open": false,
            "stop_signal": "",
            "stop_timeout": 0,
            "storage_opts": null,
            "sysctls": null,
            "tmpfs": null,
            "tty": false,
            "ulimit": [],
            "upload": [],
            "user": "",
            "userns_mode": "",
            "volumes": [
              {
                "container_path": "/letsencrypt",
                "from_container": "",
                "host_path": "",
                "read_only": null,
                "volume_name": "traefik_data"
              },
              {
                "container_path": "/var/run/docker.sock",
                "from_container": "",
                "host_path": "/var/run/docker.sock",
                "read_only": true,
                "volume_name": ""
              }
            ],
            "wait": false,
            "wait_timeout": 60,
            "working_dir": "/"
          },
          "sensitive_attributes": [],
          "private": "eyJzY2hlbWFfdmVyc2lvbiI6IjIifQ==",
          "dependencies": [
            "docker_network.main_network",
            "module.traefik.docker_image.traefik_image",
            "module.traefik.docker_volume.traefik_data"
          ]
        }
      ]
    },
    {
      "module": "module.traefik",
      "mode": "managed",
      "type": "docker_image",
      "name": "traefik_image",
      "provider": "provider[\"registry.terraform.io/kreuzwerker/docker\"]",
      "instances": [
        {
          "schema_version": 0,
          "attributes": {
            "build": [],
            "force_remove": null,
            "id": "sha256:d12741b971f5c833919db2b680191dc23d5d96ef17e41a914e3c593a8c663ac4traefik:v3.2",
            "image_id": "sha256:d12741b971f5c833919db2b680191dc23d5d96ef17e41a914e3c593a8c663ac4",
            "keep_locally": null,
            "name": "traefik:v3.2",
            "platform": null,
            "pull_triggers": null,
            "repo_digest": "traefik@sha256:d12741b971f5c833919db2b680191dc23d5d96ef17e41a914e3c593a8c663ac4",
            "triggers": null
          },
          "sensitive_attributes": [],
          "private": "bnVsbA=="
        }
      ]
    },
    {
      "module": "module.traefik",
      "mode": "managed",
      "type": "docker_volume",
      "name": "traefik_data",
      "provider": "provider[\"registry.terraform.io/kreuzwerker/docker\"]",
      "instances": [
        {
          "schema_version": 1,
          "attributes": {
            "driver": "local",
            "driver_opts": {},
            "id": "traefik_data",
            "labels": [],
            "mountpoint": "/var/lib/docker/volumes/traefik_data/_data",
            "name": "traefik_data"
          },
          "sensitive_attributes": [],
          "private": "eyJzY2hlbWFfdmVyc2lvbiI6IjEifQ=="
        }
      ]
    }
  ],
  "check_results": null
}
